
Microsoft Visual Studio Solution File, Format Version 12.00
# Visual Studio Version 17
VisualStudioVersion = 17.7.34024.191
MinimumVisualStudioVersion = 10.0.40219.1
Project("{FAE04EC0-301F-11D3-BF4B-00C04F79EFBC}") = "ECommerce.Presentation", "ECommerce.Presentation\ECommerce.Presentation.csproj", "{B8C2C52D-5E27-468C-9E2F-580118483A8B}"
EndProject
Global
	GlobalSection(SolutionConfigurationPlatforms) = preSolution
		Debug|Any CPU = Debug|Any CPU
		Release|Any CPU = Release|Any CPU
	EndGlobalSection
	GlobalSection(ProjectConfigurationPlatforms) = postSolution
		{B8C2C52D-5E27-468C-9E2F-580118483A8B}.Debug|Any CPU.ActiveCfg = Debug|Any CPU
		{B8C2C52D-5E27-468C-9E2F-580118483A8B}.Debug|Any CPU.Build.0 = Debug|Any CPU
		{B8C2C52D-5E27-468C-9E2F-580118483A8B}.Release|Any CPU.ActiveCfg = Release|Any CPU
		{B8C2C52D-5E27-468C-9E2F-580118483A8B}.Release|Any CPU.Build.0 = Release|Any CPU
	EndGlobalSection
	GlobalSection(SolutionProperties) = preSolution
		HideSolutionNode = FALSE
	EndGlobalSection
	GlobalSection(ExtensibilityGlobals) = postSolution
		SolutionGuid = {375935CD-CD4A-4EDF-832F-76E40D9A6007}
	EndGlobalSection
EndGlobal
